// !$*UTF8*$!
{
	archiveVersion = 1;
	classes = {
	};
	objectVersion = 56;
	objects = {

/* Begin PBXBuildFile section */
		2EE0D8B0C28504EAE963FC57 /* Pods_BlurrrDatingApp.framework in Frameworks */ = {isa = PBXBuildFile; fileRef = 68CB59C7E01B910E007A22B7 /* Pods_BlurrrDatingApp.framework */; };
		52734B402BF2FA270077EBFA /* CameraPreviewView.swift in Sources */ = {isa = PBXBuildFile; fileRef = 52734B3F2BF2FA270077EBFA /* CameraPreviewView.swift */; };
		5299489F2BDF30E400F9947E /* BlurrrDatingAppApp.swift in Sources */ = {isa = PBXBuildFile; fileRef = 5299489E2BDF30E400F9947E /* BlurrrDatingAppApp.swift */; };
		529948A12BDF30E400F9947E /* ContentView.swift in Sources */ = {isa = PBXBuildFile; fileRef = 529948A02BDF30E400F9947E /* ContentView.swift */; };
		529948A32BDF30E600F9947E /* Assets.xcassets in Resources */ = {isa = PBXBuildFile; fileRef = 529948A22BDF30E600F9947E /* Assets.xcassets */; };
		529948A62BDF30E600F9947E /* Preview Assets.xcassets in Resources */ = {isa = PBXBuildFile; fileRef = 529948A52BDF30E600F9947E /* Preview Assets.xcassets */; };
		52B52FE42BF30E5F009BCBCF /* Startingview.swift in Sources */ = {isa = PBXBuildFile; fileRef = 52B52FE32BF30E5F009BCBCF /* Startingview.swift */; };
		52B52FE62BF30E97009BCBCF /* ConnectingView.swift in Sources */ = {isa = PBXBuildFile; fileRef = 52B52FE52BF30E97009BCBCF /* ConnectingView.swift */; };
		52B52FE82BF30EC8009BCBCF /* CallView.swift in Sources */ = {isa = PBXBuildFile; fileRef = 52B52FE72BF30EC8009BCBCF /* CallView.swift */; };
/* End PBXBuildFile section */

/* Begin PBXFileReference section */
		52734B3F2BF2FA270077EBFA /* CameraPreviewView.swift */ = {isa = PBXFileReference; lastKnownFileType = sourcecode.swift; path = CameraPreviewView.swift; sourceTree = "<group>"; };
		5299489B2BDF30E400F9947E /* BlurrrDatingApp.app */ = {isa = PBXFileReference; explicitFileType = wrapper.application; includeInIndex = 0; path = BlurrrDatingApp.app; sourceTree = BUILT_PRODUCTS_DIR; };
		5299489E2BDF30E400F9947E /* BlurrrDatingAppApp.swift */ = {isa = PBXFileReference; lastKnownFileType = sourcecode.swift; path = BlurrrDatingAppApp.swift; sourceTree = "<group>"; };
		529948A02BDF30E400F9947E /* ContentView.swift */ = {isa = PBXFileReference; lastKnownFileType = sourcecode.swift; path = ContentView.swift; sourceTree = "<group>"; };
		529948A22BDF30E600F9947E /* Assets.xcassets */ = {isa = PBXFileReference; lastKnownFileType = folder.assetcatalog; path = Assets.xcassets; sourceTree = "<group>"; };
		529948A52BDF30E600F9947E /* Preview Assets.xcassets */ = {isa = PBXFileReference; lastKnownFileType = folder.assetcatalog; path = "Preview Assets.xcassets"; sourceTree = "<group>"; };
		52B52FE32BF30E5F009BCBCF /* Startingview.swift */ = {isa = PBXFileReference; lastKnownFileType = sourcecode.swift; path = Startingview.swift; sourceTree = "<group>"; };
		52B52FE52BF30E97009BCBCF /* ConnectingView.swift */ = {isa = PBXFileReference; lastKnownFileType = sourcecode.swift; path = ConnectingView.swift; sourceTree = "<group>"; };
		52B52FE72BF30EC8009BCBCF /* CallView.swift */ = {isa = PBXFileReference; lastKnownFileType = sourcecode.swift; path = CallView.swift; sourceTree = "<group>"; };
		68CB59C7E01B910E007A22B7 /* Pods_BlurrrDatingApp.framework */ = {isa = PBXFileReference; explicitFileType = wrapper.framework; includeInIndex = 0; path = Pods_BlurrrDatingApp.framework; sourceTree = BUILT_PRODUCTS_DIR; };
		8477422C06B8BC1ADD036D5D /* Pods-BlurrrDatingApp.release.xcconfig */ = {isa = PBXFileReference; includeInIndex = 1; lastKnownFileType = text.xcconfig; name = "Pods-BlurrrDatingApp.release.xcconfig"; path = "Target Support Files/Pods-BlurrrDatingApp/Pods-BlurrrDatingApp.release.xcconfig"; sourceTree = "<group>"; };
		BD33D066767E57EB7B9AA1FD /* Pods-BlurrrDatingApp.debug.xcconfig */ = {isa = PBXFileReference; includeInIndex = 1; lastKnownFileType = text.xcconfig; name = "Pods-BlurrrDatingApp.debug.xcconfig"; path = "Target Support Files/Pods-BlurrrDatingApp/Pods-BlurrrDatingApp.debug.xcconfig"; sourceTree = "<group>"; };
/* End PBXFileReference section */

/* Begin PBXFrameworksBuildPhase section */
		529948982BDF30E400F9947E /* Frameworks */ = {
			isa = PBXFrameworksBuildPhase;
			buildActionMask = 2147483647;
			files = (
				2EE0D8B0C28504EAE963FC57 /* Pods_BlurrrDatingApp.framework in Frameworks */,
			);
			runOnlyForDeploymentPostprocessing = 0;
		};
/* End PBXFrameworksBuildPhase section */

/* Begin PBXGroup section */
		20D1DA5B570E856DCD99C254 /* Frameworks */ = {
			isa = PBXGroup;
			children = (
				68CB59C7E01B910E007A22B7 /* Pods_BlurrrDatingApp.framework */,
			);
			name = Frameworks;
			sourceTree = "<group>";
		};
		529948922BDF30E400F9947E = {
			isa = PBXGroup;
			children = (
				5299489D2BDF30E400F9947E /* BlurrrDatingApp */,
				5299489C2BDF30E400F9947E /* Products */,
				6A5206B700545DC2E4410FE9 /* Pods */,
				20D1DA5B570E856DCD99C254 /* Frameworks */,
			);
			sourceTree = "<group>";
		};
		5299489C2BDF30E400F9947E /* Products */ = {
			isa = PBXGroup;
			children = (
				5299489B2BDF30E400F9947E /* BlurrrDatingApp.app */,
			);
			name = Products;
			sourceTree = "<group>";
		};
		5299489D2BDF30E400F9947E /* BlurrrDatingApp */ = {
			isa = PBXGroup;
			children = (
				5299489E2BDF30E400F9947E /* BlurrrDatingAppApp.swift */,
				529948A02BDF30E400F9947E /* ContentView.swift */,
				52734B3F2BF2FA270077EBFA /* CameraPreviewView.swift */,
				52B52FE32BF30E5F009BCBCF /* Startingview.swift */,
				52B52FE52BF30E97009BCBCF /* ConnectingView.swift */,
				529948A22BDF30E600F9947E /* Assets.xcassets */,
				529948A42BDF30E600F9947E /* Preview Content */,
				52B52FE72BF30EC8009BCBCF /* CallView.swift */,
			);
			path = BlurrrDatingApp;
			sourceTree = "<group>";
		};
		529948A42BDF30E600F9947E /* Preview Content */ = {
			isa = PBXGroup;
			children = (
				529948A52BDF30E600F9947E /* Preview Assets.xcassets */,
			);
			path = "Preview Content";
			sourceTree = "<group>";
		};
		6A5206B700545DC2E4410FE9 /* Pods */ = {
			isa = PBXGroup;
			children = (
				BD33D066767E57EB7B9AA1FD /* Pods-BlurrrDatingApp.debug.xcconfig */,
				8477422C06B8BC1ADD036D5D /* Pods-BlurrrDatingApp.release.xcconfig */,
			);
			path = Pods;
			sourceTree = "<group>";
		};
/* End PBXGroup section */

/* Begin PBXNativeTarget section */
		5299489A2BDF30E400F9947E /* BlurrrDatingApp */ = {
			isa = PBXNativeTarget;
			buildConfigurationList = 529948A92BDF30E600F9947E /* Build configuration list for PBXNativeTarget "BlurrrDatingApp" */;
			buildPhases = (
				F233700692D5AA13D934658D /* [CP] Check Pods Manifest.lock */,
				529948972BDF30E400F9947E /* Sources */,
				529948982BDF30E400F9947E /* Frameworks */,
				529948992BDF30E400F9947E /* Resources */,
				406EC31A44B3ADA71A604A37 /* [CP] Embed Pods Frameworks */,
			);
			buildRules = (
			);
			dependencies = (
			);
			name = BlurrrDatingApp;
			productName = BlurrrDatingApp;
			productReference = 5299489B2BDF30E400F9947E /* BlurrrDatingApp.app */;
			productType = "com.apple.product-type.application";
		};
/* End PBXNativeTarget section */

/* Begin PBXProject section */
		529948932BDF30E400F9947E /* Project object */ = {
			isa = PBXProject;
			attributes = {
				BuildIndependentTargetsInParallel = 1;
				LastSwiftUpdateCheck = 1530;
				LastUpgradeCheck = 1530;
				TargetAttributes = {
					5299489A2BDF30E400F9947E = {
						CreatedOnToolsVersion = 15.3;
					};
				};
			};
			buildConfigurationList = 529948962BDF30E400F9947E /* Build configuration list for PBXProject "BlurrrDatingApp" */;
			compatibilityVersion = "Xcode 14.0";
			developmentRegion = en;
			hasScannedForEncodings = 0;
			knownRegions = (
				en,
				Base,
			);
			mainGroup = 529948922BDF30E400F9947E;
			productRefGroup = 5299489C2BDF30E400F9947E /* Products */;
			projectDirPath = "";
			projectRoot = "";
			targets = (
				5299489A2BDF30E400F9947E /* BlurrrDatingApp */,
			);
		};
/* End PBXProject section */

/* Begin PBXResourcesBuildPhase section */
		529948992BDF30E400F9947E /* Resources */ = {
			isa = PBXResourcesBuildPhase;
			buildActionMask = 2147483647;
			files = (
				529948A62BDF30E600F9947E /* Preview Assets.xcassets in Resources */,
				529948A32BDF30E600F9947E /* Assets.xcassets in Resources */,
			);
			runOnlyForDeploymentPostprocessing = 0;
		};
/* End PBXResourcesBuildPhase section */

/* Begin PBXShellScriptBuildPhase section */
		406EC31A44B3ADA71A604A37 /* [CP] Embed Pods Frameworks */ = {
			isa = PBXShellScriptBuildPhase;
			buildActionMask = 2147483647;
			files = (
			);
			inputFileListPaths = (
				"${PODS_ROOT}/Target Support Files/Pods-BlurrrDatingApp/Pods-BlurrrDatingApp-frameworks-${CONFIGURATION}-input-files.xcfilelist",
			);
			name = "[CP] Embed Pods Frameworks";
			outputFileListPaths = (
				"${PODS_ROOT}/Target Support Files/Pods-BlurrrDatingApp/Pods-BlurrrDatingApp-frameworks-${CONFIGURATION}-output-files.xcfilelist",
			);
			runOnlyForDeploymentPostprocessing = 0;
			shellPath = /bin/sh;
			shellScript = "\"${PODS_ROOT}/Target Support Files/Pods-BlurrrDatingApp/Pods-BlurrrDatingApp-frameworks.sh\"\n";
			showEnvVarsInLog = 0;
		};
		F233700692D5AA13D934658D /* [CP] Check Pods Manifest.lock */ = {
			isa = PBXShellScriptBuildPhase;
			buildActionMask = 2147483647;
			files = (
			);
			inputFileListPaths = (
			);
			inputPaths = (
				"${PODS_PODFILE_DIR_PATH}/Podfile.lock",
				"${PODS_ROOT}/Manifest.lock",
			);
			name = "[CP] Check Pods Manifest.lock";
			outputFileListPaths = (
			);
			outputPaths = (
				"$(DERIVED_FILE_DIR)/Pods-BlurrrDatingApp-checkManifestLockResult.txt",
			);
			runOnlyForDeploymentPostprocessing = 0;
			shellPath = /bin/sh;
			shellScript = "diff \"${PODS_PODFILE_DIR_PATH}/Podfile.lock\" \"${PODS_ROOT}/Manifest.lock\" > /dev/null\nif [ $? != 0 ] ; then\n    # print error to STDERR\n    echo \"error: The sandbox is not in sync with the Podfile.lock. Run 'pod install' or update your CocoaPods installation.\" >&2\n    exit 1\nfi\n# This output is used by Xcode 'outputs' to avoid re-running this script phase.\necho \"SUCCESS\" > \"${SCRIPT_OUTPUT_FILE_0}\"\n";
			showEnvVarsInLog = 0;
		};
/* End PBXShellScriptBuildPhase section */

/* Begin PBXSourcesBuildPhase section */
		529948972BDF30E400F9947E /* Sources */ = {
			isa = PBXSourcesBuildPhase;
			buildActionMask = 2147483647;
			files = (
				52B52FE82BF30EC8009BCBCF /* CallView.swift in Sources */,
				52B52FE42BF30E5F009BCBCF /* Startingview.swift in Sources */,
				52B52FE62BF30E97009BCBCF /* ConnectingView.swift in Sources */,
				529948A12BDF30E400F9947E /* ContentView.swift in Sources */,
				5299489F2BDF30E400F9947E /* BlurrrDatingAppApp.swift in Sources */,
				52734B402BF2FA270077EBFA /* CameraPreviewView.swift in Sources */,
			);
			runOnlyForDeploymentPostprocessing = 0;
		};
/* End PBXSourcesBuildPhase section */

/* Begin XCBuildConfiguration section */
		529948A72BDF30E600F9947E /* Debug */ = {
			isa = XCBuildConfiguration;
			buildSettings = {
				ALWAYS_SEARCH_USER_PATHS = NO;
				ASSETCATALOG_COMPILER_GENERATE_SWIFT_ASSET_SYMBOL_EXTENSIONS = YES;
				CLANG_ANALYZER_NONNULL = YES;
				CLANG_ANALYZER_NUMBER_OBJECT_CONVERSION = YES_AGGRESSIVE;
				CLANG_CXX_LANGUAGE_STANDARD = "gnu++20";
				CLANG_ENABLE_MODULES = YES;
				CLANG_ENABLE_OBJC_ARC = YES;
				CLANG_ENABLE_OBJC_WEAK = YES;
				CLANG_WARN_BLOCK_CAPTURE_AUTORELEASING = YES;
				CLANG_WARN_BOOL_CONVERSION = YES;
				CLANG_WARN_COMMA = YES;
				CLANG_WARN_CONSTANT_CONVERSION = YES;
				CLANG_WARN_DEPRECATED_OBJC_IMPLEMENTATIONS = YES;
				CLANG_WARN_DIRECT_OBJC_ISA_USAGE = YES_ERROR;
				CLANG_WARN_DOCUMENTATION_COMMENTS = YES;
				CLANG_WARN_EMPTY_BODY = YES;
				CLANG_WARN_ENUM_CONVERSION = YES;
				CLANG_WARN_INFINITE_RECURSION = YES;
				CLANG_WARN_INT_CONVERSION = YES;
				CLANG_WARN_NON_LITERAL_NULL_CONVERSION = YES;
				CLANG_WARN_OBJC_IMPLICIT_RETAIN_SELF = YES;
				CLANG_WARN_OBJC_LITERAL_CONVERSION = YES;
				CLANG_WARN_OBJC_ROOT_CLASS = YES_ERROR;
				CLANG_WARN_QUOTED_INCLUDE_IN_FRAMEWORK_HEADER = YES;
				CLANG_WARN_RANGE_LOOP_ANALYSIS = YES;
				CLANG_WARN_STRICT_PROTOTYPES = YES;
				CLANG_WARN_SUSPICIOUS_MOVE = YES;
				CLANG_WARN_UNGUARDED_AVAILABILITY = YES_AGGRESSIVE;
				CLANG_WARN_UNREACHABLE_CODE = YES;
				CLANG_WARN__DUPLICATE_METHOD_MATCH = YES;
				COPY_PHASE_STRIP = NO;
				DEBUG_INFORMATION_FORMAT = dwarf;
				ENABLE_STRICT_OBJC_MSGSEND = YES;
				ENABLE_TESTABILITY = YES;
				ENABLE_USER_SCRIPT_SANDBOXING = NO;
				GCC_C_LANGUAGE_STANDARD = gnu17;
				GCC_DYNAMIC_NO_PIC = NO;
				GCC_NO_COMMON_BLOCKS = YES;
				GCC_OPTIMIZATION_LEVEL = 0;
				GCC_PREPROCESSOR_DEFINITIONS = (
					"DEBUG=1",
					"$(inherited)",
				);
				GCC_WARN_64_TO_32_BIT_CONVERSION = YES;
				GCC_WARN_ABOUT_RETURN_TYPE = YES_ERROR;
				GCC_WARN_UNDECLARED_SELECTOR = YES;
				GCC_WARN_UNINITIALIZED_AUTOS = YES_AGGRESSIVE;
				GCC_WARN_UNUSED_FUNCTION = YES;
				GCC_WARN_UNUSED_VARIABLE = YES;
				IPHONEOS_DEPLOYMENT_TARGET = 17.4;
				LOCALIZATION_PREFERS_STRING_CATALOGS = YES;
				MTL_ENABLE_DEBUG_INFO = INCLUDE_SOURCE;
				MTL_FAST_MATH = YES;
				ONLY_ACTIVE_ARCH = YES;
				SDKROOT = iphoneos;
				SWIFT_ACTIVE_COMPILATION_CONDITIONS = "DEBUG $(inherited)";
				SWIFT_OPTIMIZATION_LEVEL = "-Onone";
			};
			name = Debug;
		};
		529948A82BDF30E600F9947E /* Release */ = {
			isa = XCBuildConfiguration;
			buildSettings = {
				ALWAYS_SEARCH_USER_PATHS = NO;
				ASSETCATALOG_COMPILER_GENERATE_SWIFT_ASSET_SYMBOL_EXTENSIONS = YES;
				CLANG_ANALYZER_NONNULL = YES;
				CLANG_ANALYZER_NUMBER_OBJECT_CONVERSION = YES_AGGRESSIVE;
				CLANG_CXX_LANGUAGE_STANDARD = "gnu++20";
				CLANG_ENABLE_MODULES = YES;
				CLANG_ENABLE_OBJC_ARC = YES;
				CLANG_ENABLE_OBJC_WEAK = YES;
				CLANG_WARN_BLOCK_CAPTURE_AUTORELEASING = YES;
				CLANG_WARN_BOOL_CONVERSION = YES;
				CLANG_WARN_COMMA = YES;
				CLANG_WARN_CONSTANT_CONVERSION = YES;
				CLANG_WARN_DEPRECATED_OBJC_IMPLEMENTATIONS = YES;
				CLANG_WARN_DIRECT_OBJC_ISA_USAGE = YES_ERROR;
				CLANG_WARN_DOCUMENTATION_COMMENTS = YES;
				CLANG_WARN_EMPTY_BODY = YES;
				CLANG_WARN_ENUM_CONVERSION = YES;
				CLANG_WARN_INFINITE_RECURSION = YES;
				CLANG_WARN_INT_CONVERSION = YES;
				CLANG_WARN_NON_LITERAL_NULL_CONVERSION = YES;
				CLANG_WARN_OBJC_IMPLICIT_RETAIN_SELF = YES;
				CLANG_WARN_OBJC_LITERAL_CONVERSION = YES;
				CLANG_WARN_OBJC_ROOT_CLASS = YES_ERROR;
				CLANG_WARN_QUOTED_INCLUDE_IN_FRAMEWORK_HEADER = YES;
				CLANG_WARN_RANGE_LOOP_ANALYSIS = YES;
				CLANG_WARN_STRICT_PROTOTYPES = YES;
				CLANG_WARN_SUSPICIOUS_MOVE = YES;
				CLANG_WARN_UNGUARDED_AVAILABILITY = YES_AGGRESSIVE;
				CLANG_WARN_UNREACHABLE_CODE = YES;
				CLANG_WARN__DUPLICATE_METHOD_MATCH = YES;
				COPY_PHASE_STRIP = NO;
				DEBUG_INFORMATION_FORMAT = "dwarf-with-dsym";
				ENABLE_NS_ASSERTIONS = NO;
				ENABLE_STRICT_OBJC_MSGSEND = YES;
				ENABLE_USER_SCRIPT_SANDBOXING = YES;
				GCC_C_LANGUAGE_STANDARD = gnu17;
				GCC_NO_COMMON_BLOCKS = YES;
				GCC_WARN_64_TO_32_BIT_CONVERSION = YES;
				GCC_WARN_ABOUT_RETURN_TYPE = YES_ERROR;
				GCC_WARN_UNDECLARED_SELECTOR = YES;
				GCC_WARN_UNINITIALIZED_AUTOS = YES_AGGRESSIVE;
				GCC_WARN_UNUSED_FUNCTION = YES;
				GCC_WARN_UNUSED_VARIABLE = YES;
				IPHONEOS_DEPLOYMENT_TARGET = 17.4;
				LOCALIZATION_PREFERS_STRING_CATALOGS = YES;
				MTL_ENABLE_DEBUG_INFO = NO;
				MTL_FAST_MATH = YES;
				SDKROOT = iphoneos;
				SWIFT_COMPILATION_MODE = wholemodule;
				VALIDATE_PRODUCT = YES;
			};
			name = Release;
		};
		529948AA2BDF30E600F9947E /* Debug */ = {
			isa = XCBuildConfiguration;
			baseConfigurationReference = BD33D066767E57EB7B9AA1FD /* Pods-BlurrrDatingApp.debug.xcconfig */;
			buildSettings = {
				ASSETCATALOG_COMPILER_APPICON_NAME = AppIcon;
				ASSETCATALOG_COMPILER_GLOBAL_ACCENT_COLOR_NAME = AccentColor;
				CODE_SIGN_STYLE = Automatic;
				CURRENT_PROJECT_VERSION = 1;
				DEVELOPMENT_ASSET_PATHS = "\"BlurrrDatingApp/Preview Content\"";
				DEVELOPMENT_TEAM = RCFPNH9WHP;
				ENABLE_PREVIEWS = YES;
				GENERATE_INFOPLIST_FILE = YES;
				INFOPLIST_KEY_NSCameraUsageDescription = "Capture user video for conferencing calls";
				INFOPLIST_KEY_NSMicrophoneUsageDescription = "Capture user audio for conferencing calls";
				INFOPLIST_KEY_UIApplicationSceneManifest_Generation = YES;
				INFOPLIST_KEY_UIApplicationSupportsIndirectInputEvents = YES;
				INFOPLIST_KEY_UILaunchScreen_Generation = YES;
				INFOPLIST_KEY_UISupportedInterfaceOrientations_iPad = "UIInterfaceOrientationPortrait UIInterfaceOrientationPortraitUpsideDown UIInterfaceOrientationLandscapeLeft UIInterfaceOrientationLandscapeRight";
				INFOPLIST_KEY_UISupportedInterfaceOrientations_iPhone = "UIInterfaceOrientationPortrait UIInterfaceOrientationLandscapeLeft UIInterfaceOrientationLandscapeRight";
				LD_RUNPATH_SEARCH_PATHS = (
					"$(inherited)",
					"@executable_path/Frameworks",
				);
				MARKETING_VERSION = 1.0;
				PRODUCT_BUNDLE_IDENTIFIER = roguedagger1.BlurrrDatingApp;
				PRODUCT_NAME = "$(TARGET_NAME)";
				SWIFT_EMIT_LOC_STRINGS = YES;
				SWIFT_VERSION = 5.0;
				TARGETED_DEVICE_FAMILY = "1,2";
			};
			name = Debug;
		};
		529948AB2BDF30E600F9947E /* Release */ = {
			isa = XCBuildConfiguration;
			baseConfigurationReference = 8477422C06B8BC1ADD036D5D /* Pods-BlurrrDatingApp.release.xcconfig */;
			buildSettings = {
				ASSETCATALOG_COMPILER_APPICON_NAME = AppIcon;
				ASSETCATALOG_COMPILER_GLOBAL_ACCENT_COLOR_NAME = AccentColor;
				CODE_SIGN_STYLE = Automatic;
				CURRENT_PROJECT_VERSION = 1;
				DEVELOPMENT_ASSET_PATHS = "\"BlurrrDatingApp/Preview Content\"";
				DEVELOPMENT_TEAM = RCFPNH9WHP;
				ENABLE_PREVIEWS = YES;
				GENERATE_INFOPLIST_FILE = YES;
				INFOPLIST_KEY_NSCameraUsageDescription = "Capture user video for conferencing calls";
				INFOPLIST_KEY_NSMicrophoneUsageDescription = "Capture user audio for conferencing calls";
				INFOPLIST_KEY_UIApplicationSceneManifest_Generation = YES;
				INFOPLIST_KEY_UIApplicationSupportsIndirectInputEvents = YES;
				INFOPLIST_KEY_UILaunchScreen_Generation = YES;
				INFOPLIST_KEY_UISupportedInterfaceOrientations_iPad = "UIInterfaceOrientationPortrait UIInterfaceOrientationPortraitUpsideDown UIInterfaceOrientationLandscapeLeft UIInterfaceOrientationLandscapeRight";
				INFOPLIST_KEY_UISupportedInterfaceOrientations_iPhone = "UIInterfaceOrientationPortrait UIInterfaceOrientationLandscapeLeft UIInterfaceOrientationLandscapeRight";
				LD_RUNPATH_SEARCH_PATHS = (
					"$(inherited)",
					"@executable_path/Frameworks",
				);
				MARKETING_VERSION = 1.0;
				PRODUCT_BUNDLE_IDENTIFIER = roguedagger1.BlurrrDatingApp;
				PRODUCT_NAME = "$(TARGET_NAME)";
				SWIFT_EMIT_LOC_STRINGS = YES;
				SWIFT_VERSION = 5.0;
				TARGETED_DEVICE_FAMILY = "1,2";
			};
			name = Release;
		};
/* End XCBuildConfiguration section */

/* Begin XCConfigurationList section */
		529948962BDF30E400F9947E /* Build configuration list for PBXProject "BlurrrDatingApp" */ = {
			isa = XCConfigurationList;
			buildConfigurations = (
				529948A72BDF30E600F9947E /* Debug */,
				529948A82BDF30E600F9947E /* Release */,
			);
			defaultConfigurationIsVisible = 0;
			defaultConfigurationName = Release;
		};
		529948A92BDF30E600F9947E /* Build configuration list for PBXNativeTarget "BlurrrDatingApp" */ = {
			isa = XCConfigurationList;
			buildConfigurations = (
				529948AA2BDF30E600F9947E /* Debug */,
				529948AB2BDF30E600F9947E /* Release */,
			);
			defaultConfigurationIsVisible = 0;
			defaultConfigurationName = Release;
		};
/* End XCConfigurationList section */
	};
	rootObject = 529948932BDF30E400F9947E /* Project object */;
}
