PODS:
<<<<<<< Updated upstream
  - AppAuth (1.7.5):
    - AppAuth/Core (= 1.7.5)
    - AppAuth/ExternalUserAgent (= 1.7.5)
  - AppAuth/Core (1.7.5)
  - AppAuth/ExternalUserAgent (1.7.5):
    - AppAuth/Core
  - Giphy (2.2.4):
    - libwebp
  - GoogleSignIn (7.1.0):
    - AppAuth (< 2.0, >= 1.7.3)
    - GTMAppAuth (< 5.0, >= 4.1.1)
    - GTMSessionFetcher/Core (~> 3.3)
  - GTMAppAuth (4.1.1):
    - AppAuth/Core (~> 1.7)
    - GTMSessionFetcher/Core (< 4.0, >= 3.3)
  - GTMSessionFetcher/Core (3.5.0)
  - JitsiMeetSDK (9.2.2):
    - Giphy (= 2.2.4)
    - JitsiWebRTC (~> 118.0)
  - JitsiWebRTC (118.0.0)
  - libwebp (1.3.2):
    - libwebp/demux (= 1.3.2)
    - libwebp/mux (= 1.3.2)
    - libwebp/sharpyuv (= 1.3.2)
    - libwebp/webp (= 1.3.2)
  - libwebp/demux (1.3.2):
    - libwebp/webp
  - libwebp/mux (1.3.2):
    - libwebp/demux
  - libwebp/sharpyuv (1.3.2)
  - libwebp/webp (1.3.2):
    - libwebp/sharpyuv
  - NSFWDetector (1.1.2)

DEPENDENCIES:
  - GoogleSignIn
  - JitsiMeetSDK
  - NSFWDetector

SPEC REPOS:
  trunk:
    - AppAuth
    - Giphy
    - GoogleSignIn
    - GTMAppAuth
    - GTMSessionFetcher
    - JitsiMeetSDK
    - JitsiWebRTC
    - libwebp
    - NSFWDetector

SPEC CHECKSUMS:
  AppAuth: 501c04eda8a8d11f179dbe8637b7a91bb7e5d2fa
  Giphy: 6b5f6986c8df4f71e01a8ef86595f426b3439fb5
  GoogleSignIn: d4281ab6cf21542b1cfaff85c191f230b399d2db
  GTMAppAuth: f69bd07d68cd3b766125f7e072c45d7340dea0de
  GTMSessionFetcher: 5aea5ba6bd522a239e236100971f10cb71b96ab6
  JitsiMeetSDK: 20c6e5a09dafc3669d24cb7a1750cb0c51dc1180
  JitsiWebRTC: 3a41671ef65a51d7204323814b055a2690b921c7
  libwebp: 1786c9f4ff8a279e4dac1e8f385004d5fc253009
  NSFWDetector: d6eca9759743b5e43778818078d53711576e929f

PODFILE CHECKSUM: 4fa1a870d407e10b855d65cc3125455aafbcbd6d
=======
  - Starscream (4.0.8)

DEPENDENCIES:
  - Starscream

SPEC REPOS:
  trunk:
    - Starscream

SPEC CHECKSUMS:
  Starscream: 19b5533ddb925208db698f0ac508a100b884a1b9

PODFILE CHECKSUM: 92acbdd06d69a9178d01f6ba0394197b5e9750d1
>>>>>>> Stashed changes

COCOAPODS: 1.15.2
